// !$*UTF8*$!
{
	archiveVersion = 1;
	classes = {
	};
	objectVersion = 77;
	objects = {

/* Begin PBXBuildFile section */
		10147E6B8C43B5430E4C257D /* BrieflyApp.swift in Sources */ = {isa = PBXBuildFile; fileRef = E8D3900878C374E883BBDC37 /* BrieflyApp.swift */; };
		120D65B593A80E210258F30F /* ProfileView.swift in Sources */ = {isa = PBXBuildFile; fileRef = 195E9777EDFA29787917924B /* ProfileView.swift */; };
		331652836A87B3FA898DBB7E /* MainTabView.swift in Sources */ = {isa = PBXBuildFile; fileRef = 670003974693C0D96DA1151C /* MainTabView.swift */; };
		511F9C0B27D96300FFCF7348 /* HomeView.swift in Sources */ = {isa = PBXBuildFile; fileRef = 7DD89752E639B099CEC09FE1 /* HomeView.swift */; };
		7E1E186529C011E21FC2A7AF /* ContentView.swift in Sources */ = {isa = PBXBuildFile; fileRef = A374DC2091D961FAF590213B /* ContentView.swift */; };
		AD4914468E68FB34CE383538 /* ExploreView.swift in Sources */ = {isa = PBXBuildFile; fileRef = 6A9ABF81AB29492871BEA0F3 /* ExploreView.swift */; };
		BD59482B3ECF11957F6DC54B /* TrendingView.swift in Sources */ = {isa = PBXBuildFile; fileRef = 2538ACD825509F11E37E8620 /* TrendingView.swift */; };
/* End PBXBuildFile section */

/* Begin PBXFileReference section */
		195E9777EDFA29787917924B /* ProfileView.swift */ = {isa = PBXFileReference; lastKnownFileType = sourcecode.swift; path = ProfileView.swift; sourceTree = "<group>"; };
		2538ACD825509F11E37E8620 /* TrendingView.swift */ = {isa = PBXFileReference; lastKnownFileType = sourcecode.swift; path = TrendingView.swift; sourceTree = "<group>"; };
		670003974693C0D96DA1151C /* MainTabView.swift */ = {isa = PBXFileReference; lastKnownFileType = sourcecode.swift; path = MainTabView.swift; sourceTree = "<group>"; };
		6A9ABF81AB29492871BEA0F3 /* ExploreView.swift */ = {isa = PBXFileReference; lastKnownFileType = sourcecode.swift; path = ExploreView.swift; sourceTree = "<group>"; };
		7DD89752E639B099CEC09FE1 /* HomeView.swift */ = {isa = PBXFileReference; lastKnownFileType = sourcecode.swift; path = HomeView.swift; sourceTree = "<group>"; };
		A374DC2091D961FAF590213B /* ContentView.swift */ = {isa = PBXFileReference; lastKnownFileType = sourcecode.swift; path = ContentView.swift; sourceTree = "<group>"; };
		B613613FFDC08358178A03DD /* Briefly.app */ = {isa = PBXFileReference; includeInIndex = 0; lastKnownFileType = wrapper.application; path = Briefly.app; sourceTree = BUILT_PRODUCTS_DIR; };
		E8D3900878C374E883BBDC37 /* BrieflyApp.swift */ = {isa = PBXFileReference; lastKnownFileType = sourcecode.swift; path = BrieflyApp.swift; sourceTree = "<group>"; };
/* End PBXFileReference section */

/* Begin PBXGroup section */
		A5B35620FF2CAC0528D3E3B9 /* Features */ = {
			isa = PBXGroup;
			children = (
				A374DC2091D961FAF590213B /* ContentView.swift */,
				6A9ABF81AB29492871BEA0F3 /* ExploreView.swift */,
				7DD89752E639B099CEC09FE1 /* HomeView.swift */,
				670003974693C0D96DA1151C /* MainTabView.swift */,
				195E9777EDFA29787917924B /* ProfileView.swift */,
				2538ACD825509F11E37E8620 /* TrendingView.swift */,
			);
			name = Features;
			path = Sources/Features;
			sourceTree = "<group>";
		};
		A6BB9FC36BD3E171E80828A2 = {
			isa = PBXGroup;
			children = (
				AB33793AA020FF226BD1F042 /* App */,
				A5B35620FF2CAC0528D3E3B9 /* Features */,
				BF433EED17AB6556322A458C /* Products */,
			);
			sourceTree = "<group>";
		};
		AB33793AA020FF226BD1F042 /* App */ = {
			isa = PBXGroup;
			children = (
				E8D3900878C374E883BBDC37 /* BrieflyApp.swift */,
			);
			name = App;
			path = Sources/App;
			sourceTree = "<group>";
		};
		BF433EED17AB6556322A458C /* Products */ = {
			isa = PBXGroup;
			children = (
				B613613FFDC08358178A03DD /* Briefly.app */,
			);
			name = Products;
			sourceTree = "<group>";
		};
/* End PBXGroup section */

/* Begin PBXNativeTarget section */
		B5FD20A9A2866C1561A200FB /* Briefly */ = {
			isa = PBXNativeTarget;
			buildConfigurationList = 60DB47B3450A71DAC708C70A /* Build configuration list for PBXNativeTarget "Briefly" */;
			buildPhases = (
				82B530D3A6F52D5394074478 /* Sources */,
			);
			buildRules = (
			);
			dependencies = (
			);
			name = Briefly;
			packageProductDependencies = (
			);
			productName = Briefly;
			productReference = B613613FFDC08358178A03DD /* Briefly.app */;
			productType = "com.apple.product-type.application";
		};
/* End PBXNativeTarget section */

/* Begin PBXProject section */
		4BF6A7954739465106C42263 /* Project object */ = {
			isa = PBXProject;
			attributes = {
				BuildIndependentTargetsInParallel = YES;
				LastUpgradeCheck = 2600;
				TargetAttributes = {
					B5FD20A9A2866C1561A200FB = {
						DevelopmentTeam = "";
						ProvisioningStyle = Manual;
					};
				};
			};
			buildConfigurationList = 7B1907D894A4C06953E12988 /* Build configuration list for PBXProject "Briefly" */;
			compatibilityVersion = "Xcode 14.0";
			developmentRegion = en;
			hasScannedForEncodings = 0;
			knownRegions = (
				Base,
				en,
			);
			mainGroup = A6BB9FC36BD3E171E80828A2;
			minimizedProjectReferenceProxies = 1;
			preferredProjectObjectVersion = 77;
			projectDirPath = "";
			projectRoot = "";
			targets = (
				B5FD20A9A2866C1561A200FB /* Briefly */,
			);
		};
/* End PBXProject section */

/* Begin PBXSourcesBuildPhase section */
		82B530D3A6F52D5394074478 /* Sources */ = {
			isa = PBXSourcesBuildPhase;
			buildActionMask = 2147483647;
			files = (
				10147E6B8C43B5430E4C257D /* BrieflyApp.swift in Sources */,
				7E1E186529C011E21FC2A7AF /* ContentView.swift in Sources */,
				AD4914468E68FB34CE383538 /* ExploreView.swift in Sources */,
				511F9C0B27D96300FFCF7348 /* HomeView.swift in Sources */,
				331652836A87B3FA898DBB7E /* MainTabView.swift in Sources */,
				120D65B593A80E210258F30F /* ProfileView.swift in Sources */,
				BD59482B3ECF11957F6DC54B /* TrendingView.swift in Sources */,
			);
			runOnlyForDeploymentPostprocessing = 0;
		};
/* End PBXSourcesBuildPhase section */

/* Begin XCBuildConfiguration section */
		1969CC7B055BC891CCDAEFC4 /* Release */ = {
			isa = XCBuildConfiguration;
			buildSettings = {
				ASSETCATALOG_COMPILER_APPICON_NAME = AppIcon;
				CODE_SIGN_IDENTITY = "iPhone Developer";
				CODE_SIGN_STYLE = Manual;
				DEAD_CODE_STRIPPING = YES;
				DEVELOPMENT_TEAM = "";
				ENABLE_USER_SCRIPT_SANDBOXING = YES;
				INFOPLIST_FILE = Info.plist;
				IPHONEOS_DEPLOYMENT_TARGET = 17.0;
				LD_RUNPATH_SEARCH_PATHS = (
					"$(inherited)",
					"@executable_path/Frameworks",
				);
				PRODUCT_BUNDLE_IDENTIFIER = com.example.Briefly;
				SDKROOT = iphoneos;
				SWIFT_VERSION = 5.10;
				TARGETED_DEVICE_FAMILY = "1,2";
			};
			name = Release;
		};
		68653951940D2A32964817E8 /* Release */ = {
			isa = XCBuildConfiguration;
			buildSettings = {
				ALWAYS_SEARCH_USER_PATHS = NO;
				CLANG_ANALYZER_NONNULL = YES;
				CLANG_ANALYZER_NUMBER_OBJECT_CONVERSION = YES_AGGRESSIVE;
				CLANG_CXX_LANGUAGE_STANDARD = "gnu++14";
				CLANG_CXX_LIBRARY = "libc++";
				CLANG_ENABLE_MODULES = YES;
				CLANG_ENABLE_OBJC_ARC = YES;
				CLANG_ENABLE_OBJC_WEAK = YES;
				CLANG_WARN_BLOCK_CAPTURE_AUTORELEASING = YES;
				CLANG_WARN_BOOL_CONVERSION = YES;
				CLANG_WARN_COMMA = YES;
				CLANG_WARN_CONSTANT_CONVERSION = YES;
				CLANG_WARN_DEPRECATED_OBJC_IMPLEMENTATIONS = YES;
				CLANG_WARN_DIRECT_OBJC_ISA_USAGE = YES_ERROR;
				CLANG_WARN_DOCUMENTATION_COMMENTS = YES;
				CLANG_WARN_EMPTY_BODY = YES;
				CLANG_WARN_ENUM_CONVERSION = YES;
				CLANG_WARN_INFINITE_RECURSION = YES;
				CLANG_WARN_INT_CONVERSION = YES;
				CLANG_WARN_NON_LITERAL_NULL_CONVERSION = YES;
				CLANG_WARN_OBJC_IMPLICIT_RETAIN_SELF = YES;
				CLANG_WARN_OBJC_LITERAL_CONVERSION = YES;
				CLANG_WARN_OBJC_ROOT_CLASS = YES_ERROR;
				CLANG_WARN_QUOTED_INCLUDE_IN_FRAMEWORK_HEADER = YES;
				CLANG_WARN_RANGE_LOOP_ANALYSIS = YES;
				CLANG_WARN_STRICT_PROTOTYPES = YES;
				CLANG_WARN_SUSPICIOUS_MOVE = YES;
				CLANG_WARN_UNGUARDED_AVAILABILITY = YES_AGGRESSIVE;
				CLANG_WARN_UNREACHABLE_CODE = YES;
				CLANG_WARN__DUPLICATE_METHOD_MATCH = YES;
				COPY_PHASE_STRIP = NO;
				DEBUG_INFORMATION_FORMAT = "dwarf-with-dsym";
				ENABLE_NS_ASSERTIONS = NO;
				ENABLE_STRICT_OBJC_MSGSEND = YES;
				GCC_C_LANGUAGE_STANDARD = gnu11;
				GCC_NO_COMMON_BLOCKS = YES;
				GCC_WARN_64_TO_32_BIT_CONVERSION = YES;
				GCC_WARN_ABOUT_RETURN_TYPE = YES_ERROR;
				GCC_WARN_UNDECLARED_SELECTOR = YES;
				GCC_WARN_UNINITIALIZED_AUTOS = YES_AGGRESSIVE;
				GCC_WARN_UNUSED_FUNCTION = YES;
				GCC_WARN_UNUSED_VARIABLE = YES;
				IPHONEOS_DEPLOYMENT_TARGET = 17.0;
				MTL_ENABLE_DEBUG_INFO = NO;
				MTL_FAST_MATH = YES;
				PRODUCT_NAME = "$(TARGET_NAME)";
				SDKROOT = iphoneos;
				SWIFT_COMPILATION_MODE = wholemodule;
				SWIFT_OPTIMIZATION_LEVEL = "-O";
				SWIFT_VERSION = 5.0;
			};
			name = Release;
		};
		68E970D6395FC550DEE2117A /* Debug */ = {
			isa = XCBuildConfiguration;
			buildSettings = {
				ASSETCATALOG_COMPILER_APPICON_NAME = AppIcon;
				CODE_SIGN_IDENTITY = "iPhone Developer";
				CODE_SIGN_STYLE = Manual;
				DEAD_CODE_STRIPPING = YES;
				DEVELOPMENT_TEAM = "";
				ENABLE_USER_SCRIPT_SANDBOXING = YES;
				INFOPLIST_FILE = Info.plist;
				IPHONEOS_DEPLOYMENT_TARGET = 17.0;
				LD_RUNPATH_SEARCH_PATHS = (
					"$(inherited)",
					"@executable_path/Frameworks",
				);
				PRODUCT_BUNDLE_IDENTIFIER = com.example.Briefly;
				SDKROOT = iphoneos;
				SWIFT_VERSION = 5.10;
				TARGETED_DEVICE_FAMILY = "1,2";
			};
			name = Debug;
		};
		FD4FA8ABC38FF848D7840CF3 /* Debug */ = {
			isa = XCBuildConfiguration;
			buildSettings = {
				ALWAYS_SEARCH_USER_PATHS = NO;
				CLANG_ANALYZER_NONNULL = YES;
				CLANG_ANALYZER_NUMBER_OBJECT_CONVERSION = YES_AGGRESSIVE;
				CLANG_CXX_LANGUAGE_STANDARD = "gnu++14";
				CLANG_CXX_LIBRARY = "libc++";
				CLANG_ENABLE_MODULES = YES;
				CLANG_ENABLE_OBJC_ARC = YES;
				CLANG_ENABLE_OBJC_WEAK = YES;
				CLANG_WARN_BLOCK_CAPTURE_AUTORELEASING = YES;
				CLANG_WARN_BOOL_CONVERSION = YES;
				CLANG_WARN_COMMA = YES;
				CLANG_WARN_CONSTANT_CONVERSION = YES;
				CLANG_WARN_DEPRECATED_OBJC_IMPLEMENTATIONS = YES;
				CLANG_WARN_DIRECT_OBJC_ISA_USAGE = YES_ERROR;
				CLANG_WARN_DOCUMENTATION_COMMENTS = YES;
				CLANG_WARN_EMPTY_BODY = YES;
				CLANG_WARN_ENUM_CONVERSION = YES;
				CLANG_WARN_INFINITE_RECURSION = YES;
				CLANG_WARN_INT_CONVERSION = YES;
				CLANG_WARN_NON_LITERAL_NULL_CONVERSION = YES;
				CLANG_WARN_OBJC_IMPLICIT_RETAIN_SELF = YES;
				CLANG_WARN_OBJC_LITERAL_CONVERSION = YES;
				CLANG_WARN_OBJC_ROOT_CLASS = YES_ERROR;
				CLANG_WARN_QUOTED_INCLUDE_IN_FRAMEWORK_HEADER = YES;
				CLANG_WARN_RANGE_LOOP_ANALYSIS = YES;
				CLANG_WARN_STRICT_PROTOTYPES = YES;
				CLANG_WARN_SUSPICIOUS_MOVE = YES;
				CLANG_WARN_UNGUARDED_AVAILABILITY = YES_AGGRESSIVE;
				CLANG_WARN_UNREACHABLE_CODE = YES;
				CLANG_WARN__DUPLICATE_METHOD_MATCH = YES;
				COPY_PHASE_STRIP = NO;
				DEBUG_INFORMATION_FORMAT = dwarf;
				ENABLE_STRICT_OBJC_MSGSEND = YES;
				ENABLE_TESTABILITY = YES;
				GCC_C_LANGUAGE_STANDARD = gnu11;
				GCC_DYNAMIC_NO_PIC = NO;
				GCC_NO_COMMON_BLOCKS = YES;
				GCC_OPTIMIZATION_LEVEL = 0;
				GCC_PREPROCESSOR_DEFINITIONS = (
					"$(inherited)",
					"DEBUG=1",
				);
				GCC_WARN_64_TO_32_BIT_CONVERSION = YES;
				GCC_WARN_ABOUT_RETURN_TYPE = YES_ERROR;
				GCC_WARN_UNDECLARED_SELECTOR = YES;
				GCC_WARN_UNINITIALIZED_AUTOS = YES_AGGRESSIVE;
				GCC_WARN_UNUSED_FUNCTION = YES;
				GCC_WARN_UNUSED_VARIABLE = YES;
				IPHONEOS_DEPLOYMENT_TARGET = 17.0;
				MTL_ENABLE_DEBUG_INFO = INCLUDE_SOURCE;
				MTL_FAST_MATH = YES;
				ONLY_ACTIVE_ARCH = YES;
				PRODUCT_NAME = "$(TARGET_NAME)";
				SDKROOT = iphoneos;
				SWIFT_ACTIVE_COMPILATION_CONDITIONS = DEBUG;
				SWIFT_OPTIMIZATION_LEVEL = "-Onone";
				SWIFT_VERSION = 5.0;
			};
			name = Debug;
		};
/* End XCBuildConfiguration section */

/* Begin XCConfigurationList section */
		60DB47B3450A71DAC708C70A /* Build configuration list for PBXNativeTarget "Briefly" */ = {
			isa = XCConfigurationList;
			buildConfigurations = (
				68E970D6395FC550DEE2117A /* Debug */,
				1969CC7B055BC891CCDAEFC4 /* Release */,
			);
			defaultConfigurationIsVisible = 0;
			defaultConfigurationName = Debug;
		};
		7B1907D894A4C06953E12988 /* Build configuration list for PBXProject "Briefly" */ = {
			isa = XCConfigurationList;
			buildConfigurations = (
				FD4FA8ABC38FF848D7840CF3 /* Debug */,
				68653951940D2A32964817E8 /* Release */,
			);
			defaultConfigurationIsVisible = 0;
			defaultConfigurationName = Debug;
		};
/* End XCConfigurationList section */
	};
	rootObject = 4BF6A7954739465106C42263 /* Project object */;
}
